Microsoft Visual Studio Solution File, Format Version 12.00
# Visual Studio 14
VisualStudioVersion = 14.0.25420.1
MinimumVisualStudioVersion = 10.0.40219.1
Project("{D954291E-2A0B-460D-934E-DC6B0785DB48}") = "ReactNative.Shared", "..\node_modules\react-native-windows\ReactWindows\ReactNative.Shared\ReactNative.Shared.shproj", "{EEA8B852-4D07-48E1-8294-A21AB5909FE5}"
EndProject
Project("{FAE04EC0-301F-11D3-BF4B-00C04F79EFBC}") = "WpfSysMenuDemo", "WpfSysMenuDemo\WpfSysMenuDemo.csproj", "{7AB3A24A-D5D9-479F-8E12-22213DD40D3F}"
EndProject
Project("{FAE04EC0-301F-11D3-BF4B-00C04F79EFBC}") = "ReactNative.Net46", "..\node_modules\react-native-windows\ReactWindows\ReactNative.Net46\ReactNative.Net46.csproj", "{22CBFF9C-FE36-43E8-A246-266C7635E662}"
EndProject
Project("{FAE04EC0-301F-11D3-BF4B-00C04F79EFBC}") = "WpfSysMenu", "..\..\windows\WpfSysMenu\WpfSysMenu.csproj", "{FD8F2869-95F4-47E4-9467-439D27806F34}"
EndProject
Project("{FAE04EC0-301F-11D3-BF4B-00C04F79EFBC}") = "UwpSysMenuDemo", "UwpSysMenuDemo\UwpSysMenuDemo.csproj", "{0F3FBD31-3859-4D99-805F-249D3B1C98A8}"
EndProject
Project("{FAE04EC0-301F-11D3-BF4B-00C04F79EFBC}") = "ReactNative", "..\node_modules\react-native-windows\ReactWindows\ReactNative\ReactNative.csproj", "{C7673AD5-E3AA-468C-A5FD-FA38154E205C}"
EndProject
Project("{8BC9CEB8-8B4A-11D0-8D11-00A0C91BC942}") = "ChakraBridge", "..\node_modules\react-native-windows\ReactWindows\ChakraBridge\ChakraBridge.vcxproj", "{4B72C796-16D5-4E3A-81C0-3E36F531E578}"
EndProject
Project("{FAE04EC0-301F-11D3-BF4B-00C04F79EFBC}") = "UwpSysMenu", "..\..\windows\UwpSysMenu\UwpSysMenu.csproj", "{5F3175FC-9C51-4349-A46A-E9C00998F91D}"
EndProject
Project("{D954291E-2A0B-460D-934E-DC6B0785DB48}") = "SysMenu.Shared", "..\..\windows\SysMenu.Shared\SysMenu.Shared.shproj", "{3ACAAFEF-1A11-4C7A-BF1A-3DCCEC16CAC5}"
EndProject
Global
	GlobalSection(SharedMSBuildProjectFiles) = preSolution
		..\node_modules\react-native-windows\ReactWindows\ReactNative.Shared\ReactNative.Shared.projitems*{22cbff9c-fe36-43e8-a246-266c7635e662}*SharedItemsImports = 4
		..\..\windows\SysMenu.Shared\SysMenu.Shared.projitems*{3acaafef-1a11-4c7a-bf1a-3dccec16cac5}*SharedItemsImports = 13
		..\..\windows\SysMenu.Shared\SysMenu.Shared.projitems*{5f3175fc-9c51-4349-a46a-e9c00998f91d}*SharedItemsImports = 4
		..\node_modules\react-native-windows\ReactWindows\ReactNative.Shared\ReactNative.Shared.projitems*{c7673ad5-e3aa-468c-a5fd-fa38154e205c}*SharedItemsImports = 4
		..\node_modules\react-native-windows\ReactWindows\ReactNative.Shared\ReactNative.Shared.projitems*{eea8b852-4d07-48e1-8294-a21ab5909fe5}*SharedItemsImports = 13
		..\..\windows\SysMenu.Shared\SysMenu.Shared.projitems*{fd8f2869-95f4-47e4-9467-439d27806f34}*SharedItemsImports = 4
	EndGlobalSection
	GlobalSection(SolutionConfigurationPlatforms) = preSolution
		Debug|ARM = Debug|ARM
		Debug|x64 = Debug|x64
		Debug|x86 = Debug|x86
		DebugBundle|ARM = DebugBundle|ARM
		DebugBundle|x64 = DebugBundle|x64
		DebugBundle|x86 = DebugBundle|x86
		Release|ARM = Release|ARM
		Release|x64 = Release|x64
		Release|x86 = Release|x86
		ReleaseBundle|ARM = ReleaseBundle|ARM
		ReleaseBundle|x64 = ReleaseBundle|x64
		ReleaseBundle|x86 = ReleaseBundle|x86
	EndGlobalSection
	GlobalSection(ProjectConfigurationPlatforms) = postSolution
		{7AB3A24A-D5D9-479F-8E12-22213DD40D3F}.Debug|ARM.ActiveCfg = Debug|x64
		{7AB3A24A-D5D9-479F-8E12-22213DD40D3F}.Debug|x64.ActiveCfg = Debug|x64
		{7AB3A24A-D5D9-479F-8E12-22213DD40D3F}.Debug|x64.Build.0 = Debug|x64
		{7AB3A24A-D5D9-479F-8E12-22213DD40D3F}.Debug|x86.ActiveCfg = Debug|x86
		{7AB3A24A-D5D9-479F-8E12-22213DD40D3F}.Debug|x86.Build.0 = Debug|x86
		{7AB3A24A-D5D9-479F-8E12-22213DD40D3F}.DebugBundle|ARM.ActiveCfg = DebugBundle|x86
		{7AB3A24A-D5D9-479F-8E12-22213DD40D3F}.DebugBundle|x64.ActiveCfg = DebugBundle|x64
		{7AB3A24A-D5D9-479F-8E12-22213DD40D3F}.DebugBundle|x64.Build.0 = DebugBundle|x64
		{7AB3A24A-D5D9-479F-8E12-22213DD40D3F}.DebugBundle|x86.ActiveCfg = DebugBundle|x86
		{7AB3A24A-D5D9-479F-8E12-22213DD40D3F}.DebugBundle|x86.Build.0 = DebugBundle|x86
		{7AB3A24A-D5D9-479F-8E12-22213DD40D3F}.Release|ARM.ActiveCfg = Release|x86
		{7AB3A24A-D5D9-479F-8E12-22213DD40D3F}.Release|x64.ActiveCfg = Release|x64
		{7AB3A24A-D5D9-479F-8E12-22213DD40D3F}.Release|x64.Build.0 = Release|x64
		{7AB3A24A-D5D9-479F-8E12-22213DD40D3F}.Release|x86.ActiveCfg = Release|x86
		{7AB3A24A-D5D9-479F-8E12-22213DD40D3F}.Release|x86.Build.0 = Release|x86
		{7AB3A24A-D5D9-479F-8E12-22213DD40D3F}.ReleaseBundle|ARM.ActiveCfg = ReleaseBundle|x86
		{7AB3A24A-D5D9-479F-8E12-22213DD40D3F}.ReleaseBundle|x64.ActiveCfg = ReleaseBundle|x64
		{7AB3A24A-D5D9-479F-8E12-22213DD40D3F}.ReleaseBundle|x64.Build.0 = ReleaseBundle|x64
		{7AB3A24A-D5D9-479F-8E12-22213DD40D3F}.ReleaseBundle|x86.ActiveCfg = ReleaseBundle|x86
		{7AB3A24A-D5D9-479F-8E12-22213DD40D3F}.ReleaseBundle|x86.Build.0 = ReleaseBundle|x86
		{22CBFF9C-FE36-43E8-A246-266C7635E662}.Debug|ARM.ActiveCfg = Debug|x64
		{22CBFF9C-FE36-43E8-A246-266C7635E662}.Debug|x64.ActiveCfg = Debug|x64
		{22CBFF9C-FE36-43E8-A246-266C7635E662}.Debug|x64.Build.0 = Debug|x64
		{22CBFF9C-FE36-43E8-A246-266C7635E662}.Debug|x86.ActiveCfg = Debug|x86
		{22CBFF9C-FE36-43E8-A246-266C7635E662}.Debug|x86.Build.0 = Debug|x86
		{22CBFF9C-FE36-43E8-A246-266C7635E662}.DebugBundle|ARM.ActiveCfg = Release|x64
		{22CBFF9C-FE36-43E8-A246-266C7635E662}.DebugBundle|ARM.Build.0 = Release|x64
		{22CBFF9C-FE36-43E8-A246-266C7635E662}.DebugBundle|x64.ActiveCfg = Debug|x64
		{22CBFF9C-FE36-43E8-A246-266C7635E662}.DebugBundle|x64.Build.0 = Debug|x64
		{22CBFF9C-FE36-43E8-A246-266C7635E662}.DebugBundle|x86.ActiveCfg = Debug|x86
		{22CBFF9C-FE36-43E8-A246-266C7635E662}.DebugBundle|x86.Build.0 = Debug|x86
		{22CBFF9C-FE36-43E8-A246-266C7635E662}.Release|ARM.ActiveCfg = Release|x86
		{22CBFF9C-FE36-43E8-A246-266C7635E662}.Release|x64.ActiveCfg = Release|x64
		{22CBFF9C-FE36-43E8-A246-266C7635E662}.Release|x64.Build.0 = Release|x64
		{22CBFF9C-FE36-43E8-A246-266C7635E662}.Release|x86.ActiveCfg = Release|x86
		{22CBFF9C-FE36-43E8-A246-266C7635E662}.Release|x86.Build.0 = Release|x86
		{22CBFF9C-FE36-43E8-A246-266C7635E662}.ReleaseBundle|ARM.ActiveCfg = Release|x64
		{22CBFF9C-FE36-43E8-A246-266C7635E662}.ReleaseBundle|ARM.Build.0 = Release|x64
		{22CBFF9C-FE36-43E8-A246-266C7635E662}.ReleaseBundle|x64.ActiveCfg = Release|x64
		{22CBFF9C-FE36-43E8-A246-266C7635E662}.ReleaseBundle|x64.Build.0 = Release|x64
		{22CBFF9C-FE36-43E8-A246-266C7635E662}.ReleaseBundle|x86.ActiveCfg = Release|x86
		{22CBFF9C-FE36-43E8-A246-266C7635E662}.ReleaseBundle|x86.Build.0 = Release|x86
		{FD8F2869-95F4-47E4-9467-439D27806F34}.Debug|ARM.ActiveCfg = Debug|x86
		{FD8F2869-95F4-47E4-9467-439D27806F34}.Debug|x64.ActiveCfg = Debug|x64
		{FD8F2869-95F4-47E4-9467-439D27806F34}.Debug|x64.Build.0 = Debug|x64
		{FD8F2869-95F4-47E4-9467-439D27806F34}.Debug|x86.ActiveCfg = Debug|x86
		{FD8F2869-95F4-47E4-9467-439D27806F34}.Debug|x86.Build.0 = Debug|x86
		{FD8F2869-95F4-47E4-9467-439D27806F34}.DebugBundle|ARM.ActiveCfg = Release|x64
		{FD8F2869-95F4-47E4-9467-439D27806F34}.DebugBundle|ARM.Build.0 = Release|x64
		{FD8F2869-95F4-47E4-9467-439D27806F34}.DebugBundle|x64.ActiveCfg = Debug|x64
		{FD8F2869-95F4-47E4-9467-439D27806F34}.DebugBundle|x64.Build.0 = Debug|x64
		{FD8F2869-95F4-47E4-9467-439D27806F34}.DebugBundle|x86.ActiveCfg = Debug|x86
		{FD8F2869-95F4-47E4-9467-439D27806F34}.DebugBundle|x86.Build.0 = Debug|x86
		{FD8F2869-95F4-47E4-9467-439D27806F34}.Release|ARM.ActiveCfg = Release|x86
		{FD8F2869-95F4-47E4-9467-439D27806F34}.Release|x64.ActiveCfg = Release|x64
		{FD8F2869-95F4-47E4-9467-439D27806F34}.Release|x64.Build.0 = Release|x64
		{FD8F2869-95F4-47E4-9467-439D27806F34}.Release|x86.ActiveCfg = Release|x86
		{FD8F2869-95F4-47E4-9467-439D27806F34}.Release|x86.Build.0 = Release|x86
		{FD8F2869-95F4-47E4-9467-439D27806F34}.ReleaseBundle|ARM.ActiveCfg = Release|x64
		{FD8F2869-95F4-47E4-9467-439D27806F34}.ReleaseBundle|ARM.Build.0 = Release|x64
		{FD8F2869-95F4-47E4-9467-439D27806F34}.ReleaseBundle|x64.ActiveCfg = Release|x64
		{FD8F2869-95F4-47E4-9467-439D27806F34}.ReleaseBundle|x64.Build.0 = Release|x64
		{FD8F2869-95F4-47E4-9467-439D27806F34}.ReleaseBundle|x86.ActiveCfg = Release|x86
		{FD8F2869-95F4-47E4-9467-439D27806F34}.ReleaseBundle|x86.Build.0 = Release|x86
		{0F3FBD31-3859-4D99-805F-249D3B1C98A8}.Debug|ARM.ActiveCfg = Debug|ARM
		{0F3FBD31-3859-4D99-805F-249D3B1C98A8}.Debug|ARM.Build.0 = Debug|ARM
		{0F3FBD31-3859-4D99-805F-249D3B1C98A8}.Debug|x64.ActiveCfg = Debug|x64
		{0F3FBD31-3859-4D99-805F-249D3B1C98A8}.Debug|x64.Build.0 = Debug|x64
		{0F3FBD31-3859-4D99-805F-249D3B1C98A8}.Debug|x64.Deploy.0 = Debug|x64
		{0F3FBD31-3859-4D99-805F-249D3B1C98A8}.Debug|x86.ActiveCfg = Debug|x86
		{0F3FBD31-3859-4D99-805F-249D3B1C98A8}.Debug|x86.Build.0 = Debug|x86
		{0F3FBD31-3859-4D99-805F-249D3B1C98A8}.Debug|x86.Deploy.0 = Debug|x86
		{0F3FBD31-3859-4D99-805F-249D3B1C98A8}.DebugBundle|ARM.ActiveCfg = DebugBundle|ARM
		{0F3FBD31-3859-4D99-805F-249D3B1C98A8}.DebugBundle|ARM.Build.0 = DebugBundle|ARM
		{0F3FBD31-3859-4D99-805F-249D3B1C98A8}.DebugBundle|ARM.Deploy.0 = DebugBundle|ARM
		{0F3FBD31-3859-4D99-805F-249D3B1C98A8}.DebugBundle|x64.ActiveCfg = DebugBundle|x64
		{0F3FBD31-3859-4D99-805F-249D3B1C98A8}.DebugBundle|x64.Build.0 = DebugBundle|x64
		{0F3FBD31-3859-4D99-805F-249D3B1C98A8}.DebugBundle|x64.Deploy.0 = DebugBundle|x64
		{0F3FBD31-3859-4D99-805F-249D3B1C98A8}.DebugBundle|x86.ActiveCfg = DebugBundle|x86
		{0F3FBD31-3859-4D99-805F-249D3B1C98A8}.DebugBundle|x86.Build.0 = DebugBundle|x86
		{0F3FBD31-3859-4D99-805F-249D3B1C98A8}.DebugBundle|x86.Deploy.0 = DebugBundle|x86
		{0F3FBD31-3859-4D99-805F-249D3B1C98A8}.Release|ARM.ActiveCfg = Release|ARM
		{0F3FBD31-3859-4D99-805F-249D3B1C98A8}.Release|ARM.Build.0 = Release|ARM
		{0F3FBD31-3859-4D99-805F-249D3B1C98A8}.Release|ARM.Deploy.0 = Release|ARM
		{0F3FBD31-3859-4D99-805F-249D3B1C98A8}.Release|x64.ActiveCfg = Release|x64
		{0F3FBD31-3859-4D99-805F-249D3B1C98A8}.Release|x64.Build.0 = Release|x64
		{0F3FBD31-3859-4D99-805F-249D3B1C98A8}.Release|x64.Deploy.0 = Release|x64
		{0F3FBD31-3859-4D99-805F-249D3B1C98A8}.Release|x86.ActiveCfg = Release|x86
		{0F3FBD31-3859-4D99-805F-249D3B1C98A8}.Release|x86.Build.0 = Release|x86
		{0F3FBD31-3859-4D99-805F-249D3B1C98A8}.Release|x86.Deploy.0 = Release|x86
		{0F3FBD31-3859-4D99-805F-249D3B1C98A8}.ReleaseBundle|ARM.ActiveCfg = ReleaseBundle|ARM
		{0F3FBD31-3859-4D99-805F-249D3B1C98A8}.ReleaseBundle|ARM.Build.0 = ReleaseBundle|ARM
		{0F3FBD31-3859-4D99-805F-249D3B1C98A8}.ReleaseBundle|ARM.Deploy.0 = ReleaseBundle|ARM
		{0F3FBD31-3859-4D99-805F-249D3B1C98A8}.ReleaseBundle|x64.ActiveCfg = ReleaseBundle|x64
		{0F3FBD31-3859-4D99-805F-249D3B1C98A8}.ReleaseBundle|x64.Build.0 = ReleaseBundle|x64
		{0F3FBD31-3859-4D99-805F-249D3B1C98A8}.ReleaseBundle|x64.Deploy.0 = ReleaseBundle|x64
		{0F3FBD31-3859-4D99-805F-249D3B1C98A8}.ReleaseBundle|x86.ActiveCfg = ReleaseBundle|x86
		{0F3FBD31-3859-4D99-805F-249D3B1C98A8}.ReleaseBundle|x86.Build.0 = ReleaseBundle|x86
		{0F3FBD31-3859-4D99-805F-249D3B1C98A8}.ReleaseBundle|x86.Deploy.0 = ReleaseBundle|x86
		{C7673AD5-E3AA-468C-A5FD-FA38154E205C}.Debug|ARM.ActiveCfg = Debug|ARM
		{C7673AD5-E3AA-468C-A5FD-FA38154E205C}.Debug|ARM.Build.0 = Debug|ARM
		{C7673AD5-E3AA-468C-A5FD-FA38154E205C}.Debug|x64.ActiveCfg = Debug|x64
		{C7673AD5-E3AA-468C-A5FD-FA38154E205C}.Debug|x64.Build.0 = Debug|x64
		{C7673AD5-E3AA-468C-A5FD-FA38154E205C}.Debug|x86.ActiveCfg = Debug|x86
		{C7673AD5-E3AA-468C-A5FD-FA38154E205C}.Debug|x86.Build.0 = Debug|x86
		{C7673AD5-E3AA-468C-A5FD-FA38154E205C}.DebugBundle|ARM.ActiveCfg = Debug|ARM
		{C7673AD5-E3AA-468C-A5FD-FA38154E205C}.DebugBundle|ARM.Build.0 = Debug|ARM
		{C7673AD5-E3AA-468C-A5FD-FA38154E205C}.DebugBundle|x64.ActiveCfg = Debug|x64
		{C7673AD5-E3AA-468C-A5FD-FA38154E205C}.DebugBundle|x64.Build.0 = Debug|x64
		{C7673AD5-E3AA-468C-A5FD-FA38154E205C}.DebugBundle|x86.ActiveCfg = Debug|x86
		{C7673AD5-E3AA-468C-A5FD-FA38154E205C}.DebugBundle|x86.Build.0 = Debug|x86
		{C7673AD5-E3AA-468C-A5FD-FA38154E205C}.Release|ARM.ActiveCfg = Release|ARM
		{C7673AD5-E3AA-468C-A5FD-FA38154E205C}.Release|ARM.Build.0 = Release|ARM
		{C7673AD5-E3AA-468C-A5FD-FA38154E205C}.Release|x64.ActiveCfg = Release|x64
		{C7673AD5-E3AA-468C-A5FD-FA38154E205C}.Release|x64.Build.0 = Release|x64
		{C7673AD5-E3AA-468C-A5FD-FA38154E205C}.Release|x86.ActiveCfg = Release|x86
		{C7673AD5-E3AA-468C-A5FD-FA38154E205C}.Release|x86.Build.0 = Release|x86
		{C7673AD5-E3AA-468C-A5FD-FA38154E205C}.ReleaseBundle|ARM.ActiveCfg = Release|ARM
		{C7673AD5-E3AA-468C-A5FD-FA38154E205C}.ReleaseBundle|ARM.Build.0 = Release|ARM
		{C7673AD5-E3AA-468C-A5FD-FA38154E205C}.ReleaseBundle|x64.ActiveCfg = Release|x64
		{C7673AD5-E3AA-468C-A5FD-FA38154E205C}.ReleaseBundle|x64.Build.0 = Release|x64
		{C7673AD5-E3AA-468C-A5FD-FA38154E205C}.ReleaseBundle|x86.ActiveCfg = Release|x86
		{C7673AD5-E3AA-468C-A5FD-FA38154E205C}.ReleaseBundle|x86.Build.0 = Release|x86
		{4B72C796-16D5-4E3A-81C0-3E36F531E578}.Debug|ARM.ActiveCfg = Debug|ARM
		{4B72C796-16D5-4E3A-81C0-3E36F531E578}.Debug|ARM.Build.0 = Debug|ARM
		{4B72C796-16D5-4E3A-81C0-3E36F531E578}.Debug|x64.ActiveCfg = Debug|x64
		{4B72C796-16D5-4E3A-81C0-3E36F531E578}.Debug|x64.Build.0 = Debug|x64
		{4B72C796-16D5-4E3A-81C0-3E36F531E578}.Debug|x86.ActiveCfg = Debug|Win32
		{4B72C796-16D5-4E3A-81C0-3E36F531E578}.Debug|x86.Build.0 = Debug|Win32
		{4B72C796-16D5-4E3A-81C0-3E36F531E578}.DebugBundle|ARM.ActiveCfg = Debug|ARM
		{4B72C796-16D5-4E3A-81C0-3E36F531E578}.DebugBundle|ARM.Build.0 = Debug|ARM
		{4B72C796-16D5-4E3A-81C0-3E36F531E578}.DebugBundle|x64.ActiveCfg = Debug|x64
		{4B72C796-16D5-4E3A-81C0-3E36F531E578}.DebugBundle|x64.Build.0 = Debug|x64
		{4B72C796-16D5-4E3A-81C0-3E36F531E578}.DebugBundle|x86.ActiveCfg = Debug|Win32
		{4B72C796-16D5-4E3A-81C0-3E36F531E578}.DebugBundle|x86.Build.0 = Debug|Win32
		{4B72C796-16D5-4E3A-81C0-3E36F531E578}.Release|ARM.ActiveCfg = Release|ARM
		{4B72C796-16D5-4E3A-81C0-3E36F531E578}.Release|ARM.Build.0 = Release|ARM
		{4B72C796-16D5-4E3A-81C0-3E36F531E578}.Release|x64.ActiveCfg = Release|x64
		{4B72C796-16D5-4E3A-81C0-3E36F531E578}.Release|x64.Build.0 = Release|x64
		{4B72C796-16D5-4E3A-81C0-3E36F531E578}.Release|x86.ActiveCfg = Release|Win32
		{4B72C796-16D5-4E3A-81C0-3E36F531E578}.Release|x86.Build.0 = Release|Win32
		{4B72C796-16D5-4E3A-81C0-3E36F531E578}.ReleaseBundle|ARM.ActiveCfg = Release|ARM
		{4B72C796-16D5-4E3A-81C0-3E36F531E578}.ReleaseBundle|ARM.Build.0 = Release|ARM
		{4B72C796-16D5-4E3A-81C0-3E36F531E578}.ReleaseBundle|x64.ActiveCfg = Release|x64
		{4B72C796-16D5-4E3A-81C0-3E36F531E578}.ReleaseBundle|x64.Build.0 = Release|x64
		{4B72C796-16D5-4E3A-81C0-3E36F531E578}.ReleaseBundle|x86.ActiveCfg = Release|Win32
		{4B72C796-16D5-4E3A-81C0-3E36F531E578}.ReleaseBundle|x86.Build.0 = Release|Win32
		{5F3175FC-9C51-4349-A46A-E9C00998F91D}.Debug|ARM.ActiveCfg = Debug|ARM
		{5F3175FC-9C51-4349-A46A-E9C00998F91D}.Debug|ARM.Build.0 = Debug|ARM
		{5F3175FC-9C51-4349-A46A-E9C00998F91D}.Debug|x64.ActiveCfg = Debug|x64
		{5F3175FC-9C51-4349-A46A-E9C00998F91D}.Debug|x64.Build.0 = Debug|x64
		{5F3175FC-9C51-4349-A46A-E9C00998F91D}.Debug|x86.ActiveCfg = Debug|x86
		{5F3175FC-9C51-4349-A46A-E9C00998F91D}.Debug|x86.Build.0 = Debug|x86
		{5F3175FC-9C51-4349-A46A-E9C00998F91D}.DebugBundle|ARM.ActiveCfg = Debug|ARM
		{5F3175FC-9C51-4349-A46A-E9C00998F91D}.DebugBundle|ARM.Build.0 = Debug|ARM
		{5F3175FC-9C51-4349-A46A-E9C00998F91D}.DebugBundle|x64.ActiveCfg = Debug|x64
		{5F3175FC-9C51-4349-A46A-E9C00998F91D}.DebugBundle|x64.Build.0 = Debug|x64
		{5F3175FC-9C51-4349-A46A-E9C00998F91D}.DebugBundle|x86.ActiveCfg = Debug|x86
		{5F3175FC-9C51-4349-A46A-E9C00998F91D}.DebugBundle|x86.Build.0 = Debug|x86
		{5F3175FC-9C51-4349-A46A-E9C00998F91D}.Release|ARM.ActiveCfg = Release|ARM
		{5F3175FC-9C51-4349-A46A-E9C00998F91D}.Release|ARM.Build.0 = Release|ARM
		{5F3175FC-9C51-4349-A46A-E9C00998F91D}.Release|x64.ActiveCfg = Release|x64
		{5F3175FC-9C51-4349-A46A-E9C00998F91D}.Release|x64.Build.0 = Release|x64
		{5F3175FC-9C51-4349-A46A-E9C00998F91D}.Release|x86.ActiveCfg = Release|x86
		{5F3175FC-9C51-4349-A46A-E9C00998F91D}.Release|x86.Build.0 = Release|x86
		{5F3175FC-9C51-4349-A46A-E9C00998F91D}.ReleaseBundle|ARM.ActiveCfg = Release|ARM
		{5F3175FC-9C51-4349-A46A-E9C00998F91D}.ReleaseBundle|ARM.Build.0 = Release|ARM
		{5F3175FC-9C51-4349-A46A-E9C00998F91D}.ReleaseBundle|x64.ActiveCfg = Release|x64
		{5F3175FC-9C51-4349-A46A-E9C00998F91D}.ReleaseBundle|x64.Build.0 = Release|x64
		{5F3175FC-9C51-4349-A46A-E9C00998F91D}.ReleaseBundle|x86.ActiveCfg = Release|x86
		{5F3175FC-9C51-4349-A46A-E9C00998F91D}.ReleaseBundle|x86.Build.0 = Release|x86
	EndGlobalSection
	GlobalSection(SolutionProperties) = preSolution
		HideSolutionNode = FALSE
	EndGlobalSection
EndGlobal
